
Microsoft Visual Studio Solution File, Format Version 12.00
# Visual Studio 15
VisualStudioVersion = 15.0.28307.572
MinimumVisualStudioVersion = 10.0.40219.1
Project("{FAE04EC0-301F-11D3-BF4B-00C04F79EFBC}") = "ProyectoEquipoVerde", "ProyectoEquipoVerde\ProyectoEquipoVerde.csproj", "{A5DF6F25-D24C-4777-9182-4F4F41870BA5}"
EndProject
Project("{FAE04EC0-301F-11D3-BF4B-00C04F79EFBC}") = "ProyectoEquipoVerdeTests", "ProyectoEquipoVerdeTests\ProyectoEquipoVerdeTests.csproj", "{94A68A78-72E2-4740-98BB-EFACDFF45804}"
EndProject
Global
	GlobalSection(SolutionConfigurationPlatforms) = preSolution
		Debug|Any CPU = Debug|Any CPU
		Release|Any CPU = Release|Any CPU
	EndGlobalSection
	GlobalSection(ProjectConfigurationPlatforms) = postSolution
		{A5DF6F25-D24C-4777-9182-4F4F41870BA5}.Debug|Any CPU.ActiveCfg = Debug|Any CPU
		{A5DF6F25-D24C-4777-9182-4F4F41870BA5}.Debug|Any CPU.Build.0 = Debug|Any CPU
		{A5DF6F25-D24C-4777-9182-4F4F41870BA5}.Release|Any CPU.ActiveCfg = Release|Any CPU
		{A5DF6F25-D24C-4777-9182-4F4F41870BA5}.Release|Any CPU.Build.0 = Release|Any CPU
		{94A68A78-72E2-4740-98BB-EFACDFF45804}.Debug|Any CPU.ActiveCfg = Debug|Any CPU
		{94A68A78-72E2-4740-98BB-EFACDFF45804}.Debug|Any CPU.Build.0 = Debug|Any CPU
		{94A68A78-72E2-4740-98BB-EFACDFF45804}.Release|Any CPU.ActiveCfg = Release|Any CPU
		{94A68A78-72E2-4740-98BB-EFACDFF45804}.Release|Any CPU.Build.0 = Release|Any CPU
	EndGlobalSection
	GlobalSection(SolutionProperties) = preSolution
		HideSolutionNode = FALSE
	EndGlobalSection
	GlobalSection(ExtensibilityGlobals) = postSolution
		SolutionGuid = {719650B8-261A-46A1-8C85-3566D3CCF9BD}
	EndGlobalSection
EndGlobal
